
Microsoft Visual Studio Solution File, Format Version 11.00
# Visual Studio 2010
Project("{FAE04EC0-301F-11D3-BF4B-00C04F79EFBC}") = "dilmarvg", "Assembly-CSharp.csproj", "{FF78EF4A-8EB7-DD89-BD26-869CB1C7106C}"
EndProject
Global
	GlobalSection(SolutionConfigurationPlatforms) = preSolution
		Debug|Any CPU = Debug|Any CPU
		Release|Any CPU = Release|Any CPU
	EndGlobalSection
	GlobalSection(ProjectConfigurationPlatforms) = postSolution
		{FF78EF4A-8EB7-DD89-BD26-869CB1C7106C}.Debug|Any CPU.ActiveCfg = Debug|Any CPU
		{FF78EF4A-8EB7-DD89-BD26-869CB1C7106C}.Debug|Any CPU.Build.0 = Debug|Any CPU
		{FF78EF4A-8EB7-DD89-BD26-869CB1C7106C}.Release|Any CPU.ActiveCfg = Release|Any CPU
		{FF78EF4A-8EB7-DD89-BD26-869CB1C7106C}.Release|Any CPU.Build.0 = Release|Any CPU
	EndGlobalSection
	GlobalSection(SolutionProperties) = preSolution
		HideSolutionNode = FALSE
	EndGlobalSection
	GlobalSection(MonoDevelopProperties) = preSolution
		StartupItem = Assembly-CSharp.csproj
	EndGlobalSection
EndGlobal
